// !$*UTF8*$!
{
	archiveVersion = 1;
	classes = {
	};
	objectVersion = 46;
	objects = {

/* Begin PBXBuildFile section */
		494096A71EF5AEF7006F53C7 /* AppConstants.swift in Sources */ = {isa = PBXBuildFile; fileRef = 494096A61EF5AEF7006F53C7 /* AppConstants.swift */; };
		49924D951EF40236008E9962 /* AppDelegate.swift in Sources */ = {isa = PBXBuildFile; fileRef = 49924D941EF40236008E9962 /* AppDelegate.swift */; };
		49924D971EF40236008E9962 /* ViewController.swift in Sources */ = {isa = PBXBuildFile; fileRef = 49924D961EF40236008E9962 /* ViewController.swift */; };
		49924D9A1EF40236008E9962 /* Main.storyboard in Resources */ = {isa = PBXBuildFile; fileRef = 49924D981EF40236008E9962 /* Main.storyboard */; };
		49924D9D1EF40236008E9962 /* TestCar.xcdatamodeld in Sources */ = {isa = PBXBuildFile; fileRef = 49924D9B1EF40236008E9962 /* TestCar.xcdatamodeld */; };
		49924D9F1EF40236008E9962 /* Assets.xcassets in Resources */ = {isa = PBXBuildFile; fileRef = 49924D9E1EF40236008E9962 /* Assets.xcassets */; };
		49924DA21EF40236008E9962 /* LaunchScreen.storyboard in Resources */ = {isa = PBXBuildFile; fileRef = 49924DA01EF40236008E9962 /* LaunchScreen.storyboard */; };
		49924DAD1EF40236008E9962 /* TestCarTests.swift in Sources */ = {isa = PBXBuildFile; fileRef = 49924DAC1EF40236008E9962 /* TestCarTests.swift */; };
		49924DB91EF4025D008E9962 /* Car.swift in Sources */ = {isa = PBXBuildFile; fileRef = 49924DB71EF4025D008E9962 /* Car.swift */; };
		49924DBA1EF4025D008E9962 /* Person.swift in Sources */ = {isa = PBXBuildFile; fileRef = 49924DB81EF4025D008E9962 /* Person.swift */; };
/* End PBXBuildFile section */

/* Begin PBXContainerItemProxy section */
		49924DA91EF40236008E9962 /* PBXContainerItemProxy */ = {
			isa = PBXContainerItemProxy;
			containerPortal = 49924D891EF40236008E9962 /* Project object */;
			proxyType = 1;
			remoteGlobalIDString = 49924D901EF40236008E9962;
			remoteInfo = TestCar;
		};
/* End PBXContainerItemProxy section */

/* Begin PBXFileReference section */
		494096A61EF5AEF7006F53C7 /* AppConstants.swift */ = {isa = PBXFileReference; fileEncoding = 4; lastKnownFileType = sourcecode.swift; path = AppConstants.swift; sourceTree = "<group>"; };
		49924D911EF40236008E9962 /* TestCar.app */ = {isa = PBXFileReference; explicitFileType = wrapper.application; includeInIndex = 0; path = TestCar.app; sourceTree = BUILT_PRODUCTS_DIR; };
		49924D941EF40236008E9962 /* AppDelegate.swift */ = {isa = PBXFileReference; lastKnownFileType = sourcecode.swift; path = AppDelegate.swift; sourceTree = "<group>"; };
		49924D961EF40236008E9962 /* ViewController.swift */ = {isa = PBXFileReference; lastKnownFileType = sourcecode.swift; path = ViewController.swift; sourceTree = "<group>"; };
		49924D991EF40236008E9962 /* Base */ = {isa = PBXFileReference; lastKnownFileType = file.storyboard; name = Base; path = Base.lproj/Main.storyboard; sourceTree = "<group>"; };
		49924D9C1EF40236008E9962 /* TestCar.xcdatamodel */ = {isa = PBXFileReference; lastKnownFileType = wrapper.xcdatamodel; path = TestCar.xcdatamodel; sourceTree = "<group>"; };
		49924D9E1EF40236008E9962 /* Assets.xcassets */ = {isa = PBXFileReference; lastKnownFileType = folder.assetcatalog; path = Assets.xcassets; sourceTree = "<group>"; };
		49924DA11EF40236008E9962 /* Base */ = {isa = PBXFileReference; lastKnownFileType = file.storyboard; name = Base; path = Base.lproj/LaunchScreen.storyboard; sourceTree = "<group>"; };
		49924DA31EF40236008E9962 /* Info.plist */ = {isa = PBXFileReference; lastKnownFileType = text.plist.xml; path = Info.plist; sourceTree = "<group>"; };
		49924DA81EF40236008E9962 /* TestCarTests.xctest */ = {isa = PBXFileReference; explicitFileType = wrapper.cfbundle; includeInIndex = 0; path = TestCarTests.xctest; sourceTree = BUILT_PRODUCTS_DIR; };
		49924DAC1EF40236008E9962 /* TestCarTests.swift */ = {isa = PBXFileReference; lastKnownFileType = sourcecode.swift; path = TestCarTests.swift; sourceTree = "<group>"; };
		49924DAE1EF40236008E9962 /* Info.plist */ = {isa = PBXFileReference; lastKnownFileType = text.plist.xml; path = Info.plist; sourceTree = "<group>"; };
		49924DB71EF4025D008E9962 /* Car.swift */ = {isa = PBXFileReference; fileEncoding = 4; lastKnownFileType = sourcecode.swift; path = Car.swift; sourceTree = "<group>"; };
		49924DB81EF4025D008E9962 /* Person.swift */ = {isa = PBXFileReference; fileEncoding = 4; lastKnownFileType = sourcecode.swift; path = Person.swift; sourceTree = "<group>"; };
/* End PBXFileReference section */

/* Begin PBXFrameworksBuildPhase section */
		49924D8E1EF40236008E9962 /* Frameworks */ = {
			isa = PBXFrameworksBuildPhase;
			buildActionMask = 2147483647;
			files = (
			);
			runOnlyForDeploymentPostprocessing = 0;
		};
		49924DA51EF40236008E9962 /* Frameworks */ = {
			isa = PBXFrameworksBuildPhase;
			buildActionMask = 2147483647;
			files = (
			);
			runOnlyForDeploymentPostprocessing = 0;
		};
/* End PBXFrameworksBuildPhase section */

/* Begin PBXGroup section */
		49924D881EF40236008E9962 = {
			isa = PBXGroup;
			children = (
				49924D931EF40236008E9962 /* TestCar */,
				49924DAB1EF40236008E9962 /* TestCarTests */,
				49924D921EF40236008E9962 /* Products */,
			);
			sourceTree = "<group>";
		};
		49924D921EF40236008E9962 /* Products */ = {
			isa = PBXGroup;
			children = (
				49924D911EF40236008E9962 /* TestCar.app */,
				49924DA81EF40236008E9962 /* TestCarTests.xctest */,
			);
			name = Products;
			sourceTree = "<group>";
		};
		49924D931EF40236008E9962 /* TestCar */ = {
			isa = PBXGroup;
			children = (
				49924DB71EF4025D008E9962 /* Car.swift */,
				49924DB81EF4025D008E9962 /* Person.swift */,
				49924D941EF40236008E9962 /* AppDelegate.swift */,
				49924D961EF40236008E9962 /* ViewController.swift */,
				494096A61EF5AEF7006F53C7 /* AppConstants.swift */,
				49924D981EF40236008E9962 /* Main.storyboard */,
				49924D9E1EF40236008E9962 /* Assets.xcassets */,
				49924DA01EF40236008E9962 /* LaunchScreen.storyboard */,
				49924DA31EF40236008E9962 /* Info.plist */,
				49924D9B1EF40236008E9962 /* TestCar.xcdatamodeld */,
			);
			path = TestCar;
			sourceTree = "<group>";
		};
		49924DAB1EF40236008E9962 /* TestCarTests */ = {
			isa = PBXGroup;
			children = (
				49924DAC1EF40236008E9962 /* TestCarTests.swift */,
				49924DAE1EF40236008E9962 /* Info.plist */,
			);
			path = TestCarTests;
			sourceTree = "<group>";
		};
/* End PBXGroup section */

/* Begin PBXNativeTarget section */
		49924D901EF40236008E9962 /* TestCar */ = {
			isa = PBXNativeTarget;
			buildConfigurationList = 49924DB11EF40236008E9962 /* Build configuration list for PBXNativeTarget "TestCar" */;
			buildPhases = (
				49924D8D1EF40236008E9962 /* Sources */,
				49924D8E1EF40236008E9962 /* Frameworks */,
				49924D8F1EF40236008E9962 /* Resources */,
			);
			buildRules = (
			);
			dependencies = (
			);
			name = TestCar;
			productName = TestCar;
			productReference = 49924D911EF40236008E9962 /* TestCar.app */;
			productType = "com.apple.product-type.application";
		};
		49924DA71EF40236008E9962 /* TestCarTests */ = {
			isa = PBXNativeTarget;
			buildConfigurationList = 49924DB41EF40236008E9962 /* Build configuration list for PBXNativeTarget "TestCarTests" */;
			buildPhases = (
				49924DA41EF40236008E9962 /* Sources */,
				49924DA51EF40236008E9962 /* Frameworks */,
				49924DA61EF40236008E9962 /* Resources */,
			);
			buildRules = (
			);
			dependencies = (
				49924DAA1EF40236008E9962 /* PBXTargetDependency */,
			);
			name = TestCarTests;
			productName = TestCarTests;
			productReference = 49924DA81EF40236008E9962 /* TestCarTests.xctest */;
			productType = "com.apple.product-type.bundle.unit-test";
		};
/* End PBXNativeTarget section */

/* Begin PBXProject section */
		49924D891EF40236008E9962 /* Project object */ = {
			isa = PBXProject;
			attributes = {
				LastSwiftUpdateCheck = 0830;
				LastUpgradeCheck = 0830;
				ORGANIZATIONNAME = "pradeep kumar misra";
				TargetAttributes = {
					49924D901EF40236008E9962 = {
						CreatedOnToolsVersion = 8.3.2;
						ProvisioningStyle = Automatic;
					};
					49924DA71EF40236008E9962 = {
						CreatedOnToolsVersion = 8.3.2;
						ProvisioningStyle = Automatic;
						TestTargetID = 49924D901EF40236008E9962;
					};
				};
			};
			buildConfigurationList = 49924D8C1EF40236008E9962 /* Build configuration list for PBXProject "TestCar" */;
			compatibilityVersion = "Xcode 3.2";
			developmentRegion = English;
			hasScannedForEncodings = 0;
			knownRegions = (
				en,
				Base,
			);
			mainGroup = 49924D881EF40236008E9962;
			productRefGroup = 49924D921EF40236008E9962 /* Products */;
			projectDirPath = "";
			projectRoot = "";
			targets = (
				49924D901EF40236008E9962 /* TestCar */,
				49924DA71EF40236008E9962 /* TestCarTests */,
			);
		};
/* End PBXProject section */

/* Begin PBXResourcesBuildPhase section */
		49924D8F1EF40236008E9962 /* Resources */ = {
			isa = PBXResourcesBuildPhase;
			buildActionMask = 2147483647;
			files = (
				49924DA21EF40236008E9962 /* LaunchScreen.storyboard in Resources */,
				49924D9F1EF40236008E9962 /* Assets.xcassets in Resources */,
				49924D9A1EF40236008E9962 /* Main.storyboard in Resources */,
			);
			runOnlyForDeploymentPostprocessing = 0;
		};
		49924DA61EF40236008E9962 /* Resources */ = {
			isa = PBXResourcesBuildPhase;
			buildActionMask = 2147483647;
			files = (
			);
			runOnlyForDeploymentPostprocessing = 0;
		};
/* End PBXResourcesBuildPhase section */

/* Begin PBXSourcesBuildPhase section */
		49924D8D1EF40236008E9962 /* Sources */ = {
			isa = PBXSourcesBuildPhase;
			buildActionMask = 2147483647;
			files = (
				49924D971EF40236008E9962 /* ViewController.swift in Sources */,
				49924D9D1EF40236008E9962 /* TestCar.xcdatamodeld in Sources */,
				49924DB91EF4025D008E9962 /* Car.swift in Sources */,
				49924D951EF40236008E9962 /* AppDelegate.swift in Sources */,
				49924DBA1EF4025D008E9962 /* Person.swift in Sources */,
				494096A71EF5AEF7006F53C7 /* AppConstants.swift in Sources */,
			);
			runOnlyForDeploymentPostprocessing = 0;
		};
		49924DA41EF40236008E9962 /* Sources */ = {
			isa = PBXSourcesBuildPhase;
			buildActionMask = 2147483647;
			files = (
				49924DAD1EF40236008E9962 /* TestCarTests.swift in Sources */,
			);
			runOnlyForDeploymentPostprocessing = 0;
		};
/* End PBXSourcesBuildPhase section */

/* Begin PBXTargetDependency section */
		49924DAA1EF40236008E9962 /* PBXTargetDependency */ = {
			isa = PBXTargetDependency;
			target = 49924D901EF40236008E9962 /* TestCar */;
			targetProxy = 49924DA91EF40236008E9962 /* PBXContainerItemProxy */;
		};
/* End PBXTargetDependency section */

/* Begin PBXVariantGroup section */
		49924D981EF40236008E9962 /* Main.storyboard */ = {
			isa = PBXVariantGroup;
			children = (
				49924D991EF40236008E9962 /* Base */,
			);
			name = Main.storyboard;
			sourceTree = "<group>";
		};
		49924DA01EF40236008E9962 /* LaunchScreen.storyboard */ = {
			isa = PBXVariantGroup;
			children = (
				49924DA11EF40236008E9962 /* Base */,
			);
			name = LaunchScreen.storyboard;
			sourceTree = "<group>";
		};
/* End PBXVariantGroup section */

/* Begin XCBuildConfiguration section */
		49924DAF1EF40236008E9962 /* Debug */ = {
			isa = XCBuildConfiguration;
			buildSettings = {
				ALWAYS_SEARCH_USER_PATHS = NO;
				CLANG_ANALYZER_NONNULL = YES;
				CLANG_ANALYZER_NUMBER_OBJECT_CONVERSION = YES_AGGRESSIVE;
				CLANG_CXX_LANGUAGE_STANDARD = "gnu++0x";
				CLANG_CXX_LIBRARY = "libc++";
				CLANG_ENABLE_MODULES = YES;
				CLANG_ENABLE_OBJC_ARC = YES;
				CLANG_WARN_BOOL_CONVERSION = YES;
				CLANG_WARN_CONSTANT_CONVERSION = YES;
				CLANG_WARN_DIRECT_OBJC_ISA_USAGE = YES_ERROR;
				CLANG_WARN_DOCUMENTATION_COMMENTS = YES;
				CLANG_WARN_EMPTY_BODY = YES;
				CLANG_WARN_ENUM_CONVERSION = YES;
				CLANG_WARN_INFINITE_RECURSION = YES;
				CLANG_WARN_INT_CONVERSION = YES;
				CLANG_WARN_OBJC_ROOT_CLASS = YES_ERROR;
				CLANG_WARN_SUSPICIOUS_MOVE = YES;
				CLANG_WARN_UNREACHABLE_CODE = YES;
				CLANG_WARN__DUPLICATE_METHOD_MATCH = YES;
				"CODE_SIGN_IDENTITY[sdk=iphoneos*]" = "iPhone Developer";
				COPY_PHASE_STRIP = NO;
				DEBUG_INFORMATION_FORMAT = dwarf;
				ENABLE_STRICT_OBJC_MSGSEND = YES;
				ENABLE_TESTABILITY = YES;
				GCC_C_LANGUAGE_STANDARD = gnu99;
				GCC_DYNAMIC_NO_PIC = NO;
				GCC_NO_COMMON_BLOCKS = YES;
				GCC_OPTIMIZATION_LEVEL = 0;
				GCC_PREPROCESSOR_DEFINITIONS = (
					"DEBUG=1",
					"$(inherited)",
				);
				GCC_WARN_64_TO_32_BIT_CONVERSION = YES;
				GCC_WARN_ABOUT_RETURN_TYPE = YES_ERROR;
				GCC_WARN_UNDECLARED_SELECTOR = YES;
				GCC_WARN_UNINITIALIZED_AUTOS = YES_AGGRESSIVE;
				GCC_WARN_UNUSED_FUNCTION = YES;
				GCC_WARN_UNUSED_VARIABLE = YES;
				IPHONEOS_DEPLOYMENT_TARGET = 10.3;
				MTL_ENABLE_DEBUG_INFO = YES;
				ONLY_ACTIVE_ARCH = YES;
				SDKROOT = iphoneos;
				SWIFT_ACTIVE_COMPILATION_CONDITIONS = DEBUG;
				SWIFT_OPTIMIZATION_LEVEL = "-Onone";
				TARGETED_DEVICE_FAMILY = "1,2";
			};
			name = Debug;
		};
		49924DB01EF40236008E9962 /* Release */ = {
			isa = XCBuildConfiguration;
			buildSettings = {
				ALWAYS_SEARCH_USER_PATHS = NO;
				CLANG_ANALYZER_NONNULL = YES;
				CLANG_ANALYZER_NUMBER_OBJECT_CONVERSION = YES_AGGRESSIVE;
				CLANG_CXX_LANGUAGE_STANDARD = "gnu++0x";
				CLANG_CXX_LIBRARY = "libc++";
				CLANG_ENABLE_MODULES = YES;
				CLANG_ENABLE_OBJC_ARC = YES;
				CLANG_WARN_BOOL_CONVERSION = YES;
				CLANG_WARN_CONSTANT_CONVERSION = YES;
				CLANG_WARN_DIRECT_OBJC_ISA_USAGE = YES_ERROR;
				CLANG_WARN_DOCUMENTATION_COMMENTS = YES;
				CLANG_WARN_EMPTY_BODY = YES;
				CLANG_WARN_ENUM_CONVERSION = YES;
				CLANG_WARN_INFINITE_RECURSION = YES;
				CLANG_WARN_INT_CONVERSION = YES;
				CLANG_WARN_OBJC_ROOT_CLASS = YES_ERROR;
				CLANG_WARN_SUSPICIOUS_MOVE = YES;
				CLANG_WARN_UNREACHABLE_CODE = YES;
				CLANG_WARN__DUPLICATE_METHOD_MATCH = YES;
				"CODE_SIGN_IDENTITY[sdk=iphoneos*]" = "iPhone Developer";
				COPY_PHASE_STRIP = NO;
				DEBUG_INFORMATION_FORMAT = "dwarf-with-dsym";
				ENABLE_NS_ASSERTIONS = NO;
				ENABLE_STRICT_OBJC_MSGSEND = YES;
				GCC_C_LANGUAGE_STANDARD = gnu99;
				GCC_NO_COMMON_BLOCKS = YES;
				GCC_WARN_64_TO_32_BIT_CONVERSION = YES;
				GCC_WARN_ABOUT_RETURN_TYPE = YES_ERROR;
				GCC_WARN_UNDECLARED_SELECTOR = YES;
				GCC_WARN_UNINITIALIZED_AUTOS = YES_AGGRESSIVE;
				GCC_WARN_UNUSED_FUNCTION = YES;
				GCC_WARN_UNUSED_VARIABLE = YES;
				IPHONEOS_DEPLOYMENT_TARGET = 10.3;
				MTL_ENABLE_DEBUG_INFO = NO;
				SDKROOT = iphoneos;
				SWIFT_OPTIMIZATION_LEVEL = "-Owholemodule";
				TARGETED_DEVICE_FAMILY = "1,2";
				VALIDATE_PRODUCT = YES;
			};
			name = Release;
		};
		49924DB21EF40236008E9962 /* Debug */ = {
			isa = XCBuildConfiguration;
			buildSettings = {
				ASSETCATALOG_COMPILER_APPICON_NAME = AppIcon;
				INFOPLIST_FILE = TestCar/Info.plist;
				LD_RUNPATH_SEARCH_PATHS = "$(inherited) @executable_path/Frameworks";
				PRODUCT_BUNDLE_IDENTIFIER = pradeep.TestCar;
				PRODUCT_NAME = "$(TARGET_NAME)";
				SWIFT_VERSION = 3.0;
			};
			name = Debug;
		};
		49924DB31EF40236008E9962 /* Release */ = {
			isa = XCBuildConfiguration;
			buildSettings = {
				ASSETCATALOG_COMPILER_APPICON_NAME = AppIcon;
				INFOPLIST_FILE = TestCar/Info.plist;
				LD_RUNPATH_SEARCH_PATHS = "$(inherited) @executable_path/Frameworks";
				PRODUCT_BUNDLE_IDENTIFIER = pradeep.TestCar;
				PRODUCT_NAME = "$(TARGET_NAME)";
				SWIFT_VERSION = 3.0;
			};
			name = Release;
		};
		49924DB51EF40236008E9962 /* Debug */ = {
			isa = XCBuildConfiguration;
			buildSettings = {
				ALWAYS_EMBED_SWIFT_STANDARD_LIBRARIES = YES;
				BUNDLE_LOADER = "$(TEST_HOST)";
				INFOPLIST_FILE = TestCarTests/Info.plist;
				LD_RUNPATH_SEARCH_PATHS = "$(inherited) @executable_path/Frameworks @loader_path/Frameworks";
				PRODUCT_BUNDLE_IDENTIFIER = pradeep.TestCarTests;
				PRODUCT_NAME = "$(TARGET_NAME)";
				SWIFT_VERSION = 3.0;
				TEST_HOST = "$(BUILT_PRODUCTS_DIR)/TestCar.app/TestCar";
			};
			name = Debug;
		};
		49924DB61EF40236008E9962 /* Release */ = {
			isa = XCBuildConfiguration;
			buildSettings = {
				ALWAYS_EMBED_SWIFT_STANDARD_LIBRARIES = YES;
				BUNDLE_LOADER = "$(TEST_HOST)";
				INFOPLIST_FILE = TestCarTests/Info.plist;
				LD_RUNPATH_SEARCH_PATHS = "$(inherited) @executable_path/Frameworks @loader_path/Frameworks";
				PRODUCT_BUNDLE_IDENTIFIER = pradeep.TestCarTests;
				PRODUCT_NAME = "$(TARGET_NAME)";
				SWIFT_VERSION = 3.0;
				TEST_HOST = "$(BUILT_PRODUCTS_DIR)/TestCar.app/TestCar";
			};
			name = Release;
		};
/* End XCBuildConfiguration section */

/* Begin XCConfigurationList section */
		49924D8C1EF40236008E9962 /* Build configuration list for PBXProject "TestCar" */ = {
			isa = XCConfigurationList;
			buildConfigurations = (
				49924DAF1EF40236008E9962 /* Debug */,
				49924DB01EF40236008E9962 /* Release */,
			);
			defaultConfigurationIsVisible = 0;
			defaultConfigurationName = Release;
		};
		49924DB11EF40236008E9962 /* Build configuration list for PBXNativeTarget "TestCar" */ = {
			isa = XCConfigurationList;
			buildConfigurations = (
				49924DB21EF40236008E9962 /* Debug */,
				49924DB31EF40236008E9962 /* Release */,
			);
			defaultConfigurationIsVisible = 0;
			defaultConfigurationName = Release;
		};
		49924DB41EF40236008E9962 /* Build configuration list for PBXNativeTarget "TestCarTests" */ = {
			isa = XCConfigurationList;
			buildConfigurations = (
				49924DB51EF40236008E9962 /* Debug */,
				49924DB61EF40236008E9962 /* Release */,
			);
			defaultConfigurationIsVisible = 0;
			defaultConfigurationName = Release;
		};
/* End XCConfigurationList section */

/* Begin XCVersionGroup section */
		49924D9B1EF40236008E9962 /* TestCar.xcdatamodeld */ = {
			isa = XCVersionGroup;
			children = (
				49924D9C1EF40236008E9962 /* TestCar.xcdatamodel */,
			);
			currentVersion = 49924D9C1EF40236008E9962 /* TestCar.xcdatamodel */;
			path = TestCar.xcdatamodeld;
			sourceTree = "<group>";
			versionGroupType = wrapper.xcdatamodel;
		};
/* End XCVersionGroup section */
	};
	rootObject = 49924D891EF40236008E9962 /* Project object */;
}
